
Microsoft Visual Studio Solution File, Format Version 9.00
# Visual Studio 2005
Project("{FAE04EC0-301F-11D3-BF4B-00C04F79EFBC}") = "Common", "Common\Common.csproj", "{D96098CA-0850-432E-8810-96C6EA8D1915}"
	ProjectSection(WebsiteProperties) = preProject
		Debug.AspNetCompiler.Debug = "True"
		Release.AspNetCompiler.Debug = "False"
	EndProjectSection
EndProject
Project("{FAE04EC0-301F-11D3-BF4B-00C04F79EFBC}") = "WebServiceDIP.Server", "WebServiceDIP.Server\WebServiceDIP.Server.csproj", "{6CFAB626-182F-46F2-8544-DABD914FAF1F}"
	ProjectSection(WebsiteProperties) = preProject
		Debug.AspNetCompiler.Debug = "True"
		Release.AspNetCompiler.Debug = "False"
	EndProjectSection
EndProject
Project("{FAE04EC0-301F-11D3-BF4B-00C04F79EFBC}") = "WebServiceDIP.Client", "WebServiceDIP.Client\WebServiceDIP.Client.csproj", "{C6314AE0-8CCE-4ED4-85E1-7A062FA528DA}"
	ProjectSection(WebsiteProperties) = preProject
		Debug.AspNetCompiler.Debug = "True"
		Release.AspNetCompiler.Debug = "False"
	EndProjectSection
EndProject
Project("{FAE04EC0-301F-11D3-BF4B-00C04F79EFBC}") = "WebServiceDIP.Common", "WebServiceDIP.Common\WebServiceDIP.Common.csproj", "{3C267114-CC70-4964-BB78-2ED6F8A65885}"
	ProjectSection(WebsiteProperties) = preProject
		Debug.AspNetCompiler.Debug = "True"
		Release.AspNetCompiler.Debug = "False"
	EndProjectSection
EndProject
Global
	GlobalSection(SolutionConfigurationPlatforms) = preSolution
		Debug|Any CPU = Debug|Any CPU
		Development|Any CPU = Development|Any CPU
		Release|Any CPU = Release|Any CPU
	EndGlobalSection
	GlobalSection(ProjectConfigurationPlatforms) = postSolution
		{D96098CA-0850-432E-8810-96C6EA8D1915}.Debug|Any CPU.ActiveCfg = Debug|Any CPU
		{D96098CA-0850-432E-8810-96C6EA8D1915}.Debug|Any CPU.Build.0 = Debug|Any CPU
		{D96098CA-0850-432E-8810-96C6EA8D1915}.Development|Any CPU.ActiveCfg = Debug|Any CPU
		{D96098CA-0850-432E-8810-96C6EA8D1915}.Development|Any CPU.Build.0 = Debug|Any CPU
		{D96098CA-0850-432E-8810-96C6EA8D1915}.Release|Any CPU.ActiveCfg = Release|Any CPU
		{D96098CA-0850-432E-8810-96C6EA8D1915}.Release|Any CPU.Build.0 = Release|Any CPU
		{6CFAB626-182F-46F2-8544-DABD914FAF1F}.Debug|Any CPU.ActiveCfg = Debug|Any CPU
		{6CFAB626-182F-46F2-8544-DABD914FAF1F}.Debug|Any CPU.Build.0 = Debug|Any CPU
		{6CFAB626-182F-46F2-8544-DABD914FAF1F}.Development|Any CPU.ActiveCfg = Debug|Any CPU
		{6CFAB626-182F-46F2-8544-DABD914FAF1F}.Development|Any CPU.Build.0 = Debug|Any CPU
		{6CFAB626-182F-46F2-8544-DABD914FAF1F}.Release|Any CPU.ActiveCfg = Release|Any CPU
		{6CFAB626-182F-46F2-8544-DABD914FAF1F}.Release|Any CPU.Build.0 = Release|Any CPU
		{C6314AE0-8CCE-4ED4-85E1-7A062FA528DA}.Debug|Any CPU.ActiveCfg = Debug|Any CPU
		{C6314AE0-8CCE-4ED4-85E1-7A062FA528DA}.Debug|Any CPU.Build.0 = Debug|Any CPU
		{C6314AE0-8CCE-4ED4-85E1-7A062FA528DA}.Development|Any CPU.ActiveCfg = Debug|Any CPU
		{C6314AE0-8CCE-4ED4-85E1-7A062FA528DA}.Development|Any CPU.Build.0 = Debug|Any CPU
		{C6314AE0-8CCE-4ED4-85E1-7A062FA528DA}.Release|Any CPU.ActiveCfg = Release|Any CPU
		{C6314AE0-8CCE-4ED4-85E1-7A062FA528DA}.Release|Any CPU.Build.0 = Release|Any CPU
		{3C267114-CC70-4964-BB78-2ED6F8A65885}.Debug|Any CPU.ActiveCfg = Debug|Any CPU
		{3C267114-CC70-4964-BB78-2ED6F8A65885}.Debug|Any CPU.Build.0 = Debug|Any CPU
		{3C267114-CC70-4964-BB78-2ED6F8A65885}.Development|Any CPU.ActiveCfg = Debug|Any CPU
		{3C267114-CC70-4964-BB78-2ED6F8A65885}.Development|Any CPU.Build.0 = Debug|Any CPU
		{3C267114-CC70-4964-BB78-2ED6F8A65885}.Release|Any CPU.ActiveCfg = Release|Any CPU
		{3C267114-CC70-4964-BB78-2ED6F8A65885}.Release|Any CPU.Build.0 = Release|Any CPU
	EndGlobalSection
	GlobalSection(SolutionProperties) = preSolution
		HideSolutionNode = FALSE
	EndGlobalSection
EndGlobal
