
Microsoft Visual Studio Solution File, Format Version 9.00
# Visual Studio 2005
Project("{FAE04EC0-301F-11D3-BF4B-00C04F79EFBC}") = "Common", "Common\Common.csproj", "{D96098CA-0850-432E-8810-96C6EA8D1915}"
EndProject
Project("{FAE04EC0-301F-11D3-BF4B-00C04F79EFBC}") = "PipelinePattern", "PipelinePattern\PipelinePattern.csproj", "{A7FD794E-8659-45D4-9829-EDC0245909CE}"
EndProject
Project("{FAE04EC0-301F-11D3-BF4B-00C04F79EFBC}") = "PipelinePattern.Test", "PipelinePattern.Test\PipelinePattern.Test.csproj", "{5BDAD29D-6A28-497A-B0B1-18B71468580E}"
EndProject
Global
	GlobalSection(SolutionConfigurationPlatforms) = preSolution
		Debug|Any CPU = Debug|Any CPU
		Development|Any CPU = Development|Any CPU
		Release|Any CPU = Release|Any CPU
	EndGlobalSection
	GlobalSection(ProjectConfigurationPlatforms) = postSolution
		{D96098CA-0850-432E-8810-96C6EA8D1915}.Debug|Any CPU.ActiveCfg = Debug|Any CPU
		{D96098CA-0850-432E-8810-96C6EA8D1915}.Debug|Any CPU.Build.0 = Debug|Any CPU
		{D96098CA-0850-432E-8810-96C6EA8D1915}.Development|Any CPU.ActiveCfg = Debug|Any CPU
		{D96098CA-0850-432E-8810-96C6EA8D1915}.Development|Any CPU.Build.0 = Debug|Any CPU
		{D96098CA-0850-432E-8810-96C6EA8D1915}.Release|Any CPU.ActiveCfg = Release|Any CPU
		{D96098CA-0850-432E-8810-96C6EA8D1915}.Release|Any CPU.Build.0 = Release|Any CPU
		{A7FD794E-8659-45D4-9829-EDC0245909CE}.Debug|Any CPU.ActiveCfg = Debug|Any CPU
		{A7FD794E-8659-45D4-9829-EDC0245909CE}.Debug|Any CPU.Build.0 = Debug|Any CPU
		{A7FD794E-8659-45D4-9829-EDC0245909CE}.Development|Any CPU.ActiveCfg = Debug|Any CPU
		{A7FD794E-8659-45D4-9829-EDC0245909CE}.Development|Any CPU.Build.0 = Debug|Any CPU
		{A7FD794E-8659-45D4-9829-EDC0245909CE}.Release|Any CPU.ActiveCfg = Release|Any CPU
		{A7FD794E-8659-45D4-9829-EDC0245909CE}.Release|Any CPU.Build.0 = Release|Any CPU
		{5BDAD29D-6A28-497A-B0B1-18B71468580E}.Debug|Any CPU.ActiveCfg = Debug|Any CPU
		{5BDAD29D-6A28-497A-B0B1-18B71468580E}.Debug|Any CPU.Build.0 = Debug|Any CPU
		{5BDAD29D-6A28-497A-B0B1-18B71468580E}.Development|Any CPU.ActiveCfg = Debug|Any CPU
		{5BDAD29D-6A28-497A-B0B1-18B71468580E}.Development|Any CPU.Build.0 = Debug|Any CPU
		{5BDAD29D-6A28-497A-B0B1-18B71468580E}.Release|Any CPU.ActiveCfg = Release|Any CPU
		{5BDAD29D-6A28-497A-B0B1-18B71468580E}.Release|Any CPU.Build.0 = Release|Any CPU
	EndGlobalSection
	GlobalSection(SolutionProperties) = preSolution
		HideSolutionNode = FALSE
	EndGlobalSection
EndGlobal
