
Microsoft Visual Studio Solution File, Format Version 9.00
# Visual Studio 2005
Project("{FAE04EC0-301F-11D3-BF4B-00C04F79EFBC}") = "Common", "Common\Common.csproj", "{D96098CA-0850-432E-8810-96C6EA8D1915}"
EndProject
Project("{FAE04EC0-301F-11D3-BF4B-00C04F79EFBC}") = "VisitorPattern", "VisitorPattern\VisitorPattern.csproj", "{D0764003-5A3A-4D6D-975C-C4EDAC502865}"
EndProject
Project("{FAE04EC0-301F-11D3-BF4B-00C04F79EFBC}") = "VisitorPattern.Test", "VisitorPattern.Test\VisitorPattern.Test.csproj", "{317F4049-D38B-4DFD-B974-4003F85169F7}"
EndProject
Global
	GlobalSection(SolutionConfigurationPlatforms) = preSolution
		Debug|Any CPU = Debug|Any CPU
		Development|Any CPU = Development|Any CPU
		Release|Any CPU = Release|Any CPU
	EndGlobalSection
	GlobalSection(ProjectConfigurationPlatforms) = postSolution
		{D96098CA-0850-432E-8810-96C6EA8D1915}.Debug|Any CPU.ActiveCfg = Debug|Any CPU
		{D96098CA-0850-432E-8810-96C6EA8D1915}.Debug|Any CPU.Build.0 = Debug|Any CPU
		{D96098CA-0850-432E-8810-96C6EA8D1915}.Development|Any CPU.ActiveCfg = Debug|Any CPU
		{D96098CA-0850-432E-8810-96C6EA8D1915}.Development|Any CPU.Build.0 = Debug|Any CPU
		{D96098CA-0850-432E-8810-96C6EA8D1915}.Release|Any CPU.ActiveCfg = Release|Any CPU
		{D96098CA-0850-432E-8810-96C6EA8D1915}.Release|Any CPU.Build.0 = Release|Any CPU
		{D0764003-5A3A-4D6D-975C-C4EDAC502865}.Debug|Any CPU.ActiveCfg = Debug|Any CPU
		{D0764003-5A3A-4D6D-975C-C4EDAC502865}.Debug|Any CPU.Build.0 = Debug|Any CPU
		{D0764003-5A3A-4D6D-975C-C4EDAC502865}.Development|Any CPU.ActiveCfg = Debug|Any CPU
		{D0764003-5A3A-4D6D-975C-C4EDAC502865}.Development|Any CPU.Build.0 = Debug|Any CPU
		{D0764003-5A3A-4D6D-975C-C4EDAC502865}.Release|Any CPU.ActiveCfg = Release|Any CPU
		{D0764003-5A3A-4D6D-975C-C4EDAC502865}.Release|Any CPU.Build.0 = Release|Any CPU
		{317F4049-D38B-4DFD-B974-4003F85169F7}.Debug|Any CPU.ActiveCfg = Debug|Any CPU
		{317F4049-D38B-4DFD-B974-4003F85169F7}.Debug|Any CPU.Build.0 = Debug|Any CPU
		{317F4049-D38B-4DFD-B974-4003F85169F7}.Development|Any CPU.ActiveCfg = Debug|Any CPU
		{317F4049-D38B-4DFD-B974-4003F85169F7}.Development|Any CPU.Build.0 = Debug|Any CPU
		{317F4049-D38B-4DFD-B974-4003F85169F7}.Release|Any CPU.ActiveCfg = Release|Any CPU
		{317F4049-D38B-4DFD-B974-4003F85169F7}.Release|Any CPU.Build.0 = Release|Any CPU
	EndGlobalSection
	GlobalSection(SolutionProperties) = preSolution
		HideSolutionNode = FALSE
	EndGlobalSection
EndGlobal
