
Microsoft Visual Studio Solution File, Format Version 9.00
# Visual Studio 2005
Project("{FAE04EC0-301F-11D3-BF4B-00C04F79EFBC}") = "Common", "Common\Common.csproj", "{D96098CA-0850-432E-8810-96C6EA8D1915}"
	ProjectSection(WebsiteProperties) = preProject
		Debug.AspNetCompiler.Debug = "True"
		Release.AspNetCompiler.Debug = "False"
	EndProjectSection
EndProject
Project("{2150E333-8FDC-42A3-9474-1A3956D46DE8}") = "Solution Items", "Solution Items", "{A635AEF7-F2A6-49DD-9AB5-8BF588D54600}"
	ProjectSection(WebsiteProperties) = preProject
		Debug.AspNetCompiler.Debug = "True"
		Release.AspNetCompiler.Debug = "False"
	EndProjectSection
	ProjectSection(SolutionItems) = preProject
		localtestrun.testrunconfig = localtestrun.testrunconfig
		MarvelousWorks.PracticalPattern.vsmdi = MarvelousWorks.PracticalPattern.vsmdi
	EndProjectSection
EndProject
Project("{FAE04EC0-301F-11D3-BF4B-00C04F79EFBC}") = "BuilderPattern", "BuilderPattern\BuilderPattern.csproj", "{17547C19-39FF-4D9B-90BB-15A8F5B9ACC8}"
	ProjectSection(WebsiteProperties) = preProject
		Debug.AspNetCompiler.Debug = "True"
		Release.AspNetCompiler.Debug = "False"
	EndProjectSection
EndProject
Project("{FAE04EC0-301F-11D3-BF4B-00C04F79EFBC}") = "BuilderPattern.Test", "BuilderPattern.Test\BuilderPattern.Test.csproj", "{90F73F10-104F-4E2B-9E0A-B114F64D91E7}"
	ProjectSection(WebsiteProperties) = preProject
		Debug.AspNetCompiler.Debug = "True"
		Release.AspNetCompiler.Debug = "False"
	EndProjectSection
EndProject
Global
	GlobalSection(SolutionConfigurationPlatforms) = preSolution
		Debug|Any CPU = Debug|Any CPU
		Release|Any CPU = Release|Any CPU
	EndGlobalSection
	GlobalSection(ProjectConfigurationPlatforms) = postSolution
		{D96098CA-0850-432E-8810-96C6EA8D1915}.Debug|Any CPU.ActiveCfg = Debug|Any CPU
		{D96098CA-0850-432E-8810-96C6EA8D1915}.Debug|Any CPU.Build.0 = Debug|Any CPU
		{D96098CA-0850-432E-8810-96C6EA8D1915}.Release|Any CPU.ActiveCfg = Release|Any CPU
		{D96098CA-0850-432E-8810-96C6EA8D1915}.Release|Any CPU.Build.0 = Release|Any CPU
		{17547C19-39FF-4D9B-90BB-15A8F5B9ACC8}.Debug|Any CPU.ActiveCfg = Debug|Any CPU
		{17547C19-39FF-4D9B-90BB-15A8F5B9ACC8}.Debug|Any CPU.Build.0 = Debug|Any CPU
		{17547C19-39FF-4D9B-90BB-15A8F5B9ACC8}.Release|Any CPU.ActiveCfg = Release|Any CPU
		{17547C19-39FF-4D9B-90BB-15A8F5B9ACC8}.Release|Any CPU.Build.0 = Release|Any CPU
		{90F73F10-104F-4E2B-9E0A-B114F64D91E7}.Debug|Any CPU.ActiveCfg = Debug|Any CPU
		{90F73F10-104F-4E2B-9E0A-B114F64D91E7}.Debug|Any CPU.Build.0 = Debug|Any CPU
		{90F73F10-104F-4E2B-9E0A-B114F64D91E7}.Release|Any CPU.ActiveCfg = Release|Any CPU
		{90F73F10-104F-4E2B-9E0A-B114F64D91E7}.Release|Any CPU.Build.0 = Release|Any CPU
	EndGlobalSection
	GlobalSection(SolutionProperties) = preSolution
		HideSolutionNode = FALSE
	EndGlobalSection
EndGlobal
