
Microsoft Visual Studio Solution File, Format Version 9.00
# Visual Studio 2005
Project("{FAE04EC0-301F-11D3-BF4B-00C04F79EFBC}") = "Common", "Common\Common.csproj", "{D96098CA-0850-432E-8810-96C6EA8D1915}"
EndProject
Project("{FAE04EC0-301F-11D3-BF4B-00C04F79EFBC}") = "StrategyPattern", "StrategyPattern\StrategyPattern.csproj", "{B3CEF6E5-2A62-494D-BF68-08F97BFF3249}"
EndProject
Project("{FAE04EC0-301F-11D3-BF4B-00C04F79EFBC}") = "StrategyPattern.Test", "StrategyPattern.Test\StrategyPattern.Test.csproj", "{387C514D-6A20-424C-868E-7887CCDA8311}"
EndProject
Global
	GlobalSection(SolutionConfigurationPlatforms) = preSolution
		Debug|Any CPU = Debug|Any CPU
		Development|Any CPU = Development|Any CPU
		Release|Any CPU = Release|Any CPU
	EndGlobalSection
	GlobalSection(ProjectConfigurationPlatforms) = postSolution
		{D96098CA-0850-432E-8810-96C6EA8D1915}.Debug|Any CPU.ActiveCfg = Debug|Any CPU
		{D96098CA-0850-432E-8810-96C6EA8D1915}.Debug|Any CPU.Build.0 = Debug|Any CPU
		{D96098CA-0850-432E-8810-96C6EA8D1915}.Development|Any CPU.ActiveCfg = Debug|Any CPU
		{D96098CA-0850-432E-8810-96C6EA8D1915}.Development|Any CPU.Build.0 = Debug|Any CPU
		{D96098CA-0850-432E-8810-96C6EA8D1915}.Release|Any CPU.ActiveCfg = Release|Any CPU
		{D96098CA-0850-432E-8810-96C6EA8D1915}.Release|Any CPU.Build.0 = Release|Any CPU
		{B3CEF6E5-2A62-494D-BF68-08F97BFF3249}.Debug|Any CPU.ActiveCfg = Debug|Any CPU
		{B3CEF6E5-2A62-494D-BF68-08F97BFF3249}.Debug|Any CPU.Build.0 = Debug|Any CPU
		{B3CEF6E5-2A62-494D-BF68-08F97BFF3249}.Development|Any CPU.ActiveCfg = Debug|Any CPU
		{B3CEF6E5-2A62-494D-BF68-08F97BFF3249}.Development|Any CPU.Build.0 = Debug|Any CPU
		{B3CEF6E5-2A62-494D-BF68-08F97BFF3249}.Release|Any CPU.ActiveCfg = Release|Any CPU
		{B3CEF6E5-2A62-494D-BF68-08F97BFF3249}.Release|Any CPU.Build.0 = Release|Any CPU
		{387C514D-6A20-424C-868E-7887CCDA8311}.Debug|Any CPU.ActiveCfg = Debug|Any CPU
		{387C514D-6A20-424C-868E-7887CCDA8311}.Debug|Any CPU.Build.0 = Debug|Any CPU
		{387C514D-6A20-424C-868E-7887CCDA8311}.Development|Any CPU.ActiveCfg = Debug|Any CPU
		{387C514D-6A20-424C-868E-7887CCDA8311}.Development|Any CPU.Build.0 = Debug|Any CPU
		{387C514D-6A20-424C-868E-7887CCDA8311}.Release|Any CPU.ActiveCfg = Release|Any CPU
		{387C514D-6A20-424C-868E-7887CCDA8311}.Release|Any CPU.Build.0 = Release|Any CPU
	EndGlobalSection
	GlobalSection(SolutionProperties) = preSolution
		HideSolutionNode = FALSE
	EndGlobalSection
EndGlobal
