
Microsoft Visual Studio Solution File, Format Version 9.00
# Visual Studio 2005
Project("{FAE04EC0-301F-11D3-BF4B-00C04F79EFBC}") = "Common", "Common\Common.csproj", "{D96098CA-0850-432E-8810-96C6EA8D1915}"
EndProject
Project("{FAE04EC0-301F-11D3-BF4B-00C04F79EFBC}") = "MessageBusPattern", "MessageBusPattern\MessageBusPattern.csproj", "{277FE405-B328-40E7-B831-EAA8B95E78CF}"
EndProject
Project("{FAE04EC0-301F-11D3-BF4B-00C04F79EFBC}") = "MessageBusPattern.Test", "MessageBusPattern.Test\MessageBusPattern.Test.csproj", "{4CA69E82-C12A-42D5-A346-27C040632003}"
EndProject
Global
	GlobalSection(SolutionConfigurationPlatforms) = preSolution
		Debug|Any CPU = Debug|Any CPU
		Development|Any CPU = Development|Any CPU
		Release|Any CPU = Release|Any CPU
	EndGlobalSection
	GlobalSection(ProjectConfigurationPlatforms) = postSolution
		{D96098CA-0850-432E-8810-96C6EA8D1915}.Debug|Any CPU.ActiveCfg = Debug|Any CPU
		{D96098CA-0850-432E-8810-96C6EA8D1915}.Debug|Any CPU.Build.0 = Debug|Any CPU
		{D96098CA-0850-432E-8810-96C6EA8D1915}.Development|Any CPU.ActiveCfg = Debug|Any CPU
		{D96098CA-0850-432E-8810-96C6EA8D1915}.Development|Any CPU.Build.0 = Debug|Any CPU
		{D96098CA-0850-432E-8810-96C6EA8D1915}.Release|Any CPU.ActiveCfg = Release|Any CPU
		{D96098CA-0850-432E-8810-96C6EA8D1915}.Release|Any CPU.Build.0 = Release|Any CPU
		{277FE405-B328-40E7-B831-EAA8B95E78CF}.Debug|Any CPU.ActiveCfg = Debug|Any CPU
		{277FE405-B328-40E7-B831-EAA8B95E78CF}.Debug|Any CPU.Build.0 = Debug|Any CPU
		{277FE405-B328-40E7-B831-EAA8B95E78CF}.Development|Any CPU.ActiveCfg = Debug|Any CPU
		{277FE405-B328-40E7-B831-EAA8B95E78CF}.Development|Any CPU.Build.0 = Debug|Any CPU
		{277FE405-B328-40E7-B831-EAA8B95E78CF}.Release|Any CPU.ActiveCfg = Release|Any CPU
		{277FE405-B328-40E7-B831-EAA8B95E78CF}.Release|Any CPU.Build.0 = Release|Any CPU
		{4CA69E82-C12A-42D5-A346-27C040632003}.Debug|Any CPU.ActiveCfg = Debug|Any CPU
		{4CA69E82-C12A-42D5-A346-27C040632003}.Debug|Any CPU.Build.0 = Debug|Any CPU
		{4CA69E82-C12A-42D5-A346-27C040632003}.Development|Any CPU.ActiveCfg = Debug|Any CPU
		{4CA69E82-C12A-42D5-A346-27C040632003}.Development|Any CPU.Build.0 = Debug|Any CPU
		{4CA69E82-C12A-42D5-A346-27C040632003}.Release|Any CPU.ActiveCfg = Release|Any CPU
		{4CA69E82-C12A-42D5-A346-27C040632003}.Release|Any CPU.Build.0 = Release|Any CPU
	EndGlobalSection
	GlobalSection(SolutionProperties) = preSolution
		HideSolutionNode = FALSE
	EndGlobalSection
EndGlobal
